# Generated by move; do not edit
# This file should be checked in.

[move]
version = 4

[pinned.testnet.Counter]
source = { root = true }
use_environment = "testnet"
manifest_digest = "BF2B97B506492C79D35ACC00FD903E6551D537B8462DC7AA43CD71F45CFF5B28"
deps = { seal = "seal", std = "MoveStdlib_1", sui = "Sui_1" }

[pinned.testnet.MoveStdlib]
source = { git = "https://github.com/MystenLabs/sui.git", subdir = "crates/sui-framework/packages/move-stdlib", rev = "6656ec8446e425115499bc23f245d2f2afc610f4" }
use_environment = "testnet"
manifest_digest = "774F1883683AAACD2512A2B6C01188350E10E5A035E065A8CF110CE44A564509"
deps = {}

[pinned.testnet.MoveStdlib_1]
source = { git = "https://github.com/MystenLabs/sui.git", subdir = "crates/sui-framework/packages/move-stdlib", rev = "f63c9fc78e2171fa174dc43e757ded416c204558" }
use_environment = "testnet"
manifest_digest = "774F1883683AAACD2512A2B6C01188350E10E5A035E065A8CF110CE44A564509"
deps = {}

[pinned.testnet.Sui]
source = { git = "https://github.com/MystenLabs/sui.git", subdir = "crates/sui-framework/packages/sui-framework", rev = "6656ec8446e425115499bc23f245d2f2afc610f4" }
use_environment = "testnet"
manifest_digest = "ED5DEFBBF556EE89312E639A53F21DE24320F9B13C2087D3BFE2989D5B2B5DAF"
deps = { MoveStdlib = "MoveStdlib" }

[pinned.testnet.Sui_1]
source = { git = "https://github.com/MystenLabs/sui.git", subdir = "crates/sui-framework/packages/sui-framework", rev = "f63c9fc78e2171fa174dc43e757ded416c204558" }
use_environment = "testnet"
manifest_digest = "ED5DEFBBF556EE89312E639A53F21DE24320F9B13C2087D3BFE2989D5B2B5DAF"
deps = { MoveStdlib = "MoveStdlib_1" }

[pinned.testnet.seal]
source = { local = "../seal" }
use_environment = "testnet"
manifest_digest = "0285063FA4C73010C325589AE76E079BAA1D73EE678B94EBA4DC1367EC632426"
deps = { Sui = "Sui" }
