# Generated by move; do not edit
# This file should be checked in.

[move]
version = 4

[pinned.testnet.Counter]
source = { root = true }
use_environment = "testnet"
manifest_digest = "42415ADC2BF7444A6FEF4271D38DFE1F972B49FC63EF61B87842E728700614A1"
deps = { Walrus = "Walrus", std = "MoveStdlib_1", sui = "Sui_1" }

[pinned.testnet.MoveStdlib]
source = { git = "https://github.com/MystenLabs/sui.git", subdir = "crates/sui-framework/packages/move-stdlib", rev = "b40cdedf4df6f0deaa4a46c1bf99c57029160202" }
use_environment = "testnet"
manifest_digest = "774F1883683AAACD2512A2B6C01188350E10E5A035E065A8CF110CE44A564509"
deps = {}

[pinned.testnet.MoveStdlib_1]
source = { git = "https://github.com/MystenLabs/sui.git", subdir = "crates/sui-framework/packages/move-stdlib", rev = "f63c9fc78e2171fa174dc43e757ded416c204558" }
use_environment = "testnet"
manifest_digest = "774F1883683AAACD2512A2B6C01188350E10E5A035E065A8CF110CE44A564509"
deps = {}

[pinned.testnet.Sui]
source = { git = "https://github.com/MystenLabs/sui.git", subdir = "crates/sui-framework/packages/sui-framework", rev = "b40cdedf4df6f0deaa4a46c1bf99c57029160202" }
use_environment = "testnet"
manifest_digest = "ED5DEFBBF556EE89312E639A53F21DE24320F9B13C2087D3BFE2989D5B2B5DAF"
deps = { MoveStdlib = "MoveStdlib" }

[pinned.testnet.Sui_1]
source = { git = "https://github.com/MystenLabs/sui.git", subdir = "crates/sui-framework/packages/sui-framework", rev = "f63c9fc78e2171fa174dc43e757ded416c204558" }
use_environment = "testnet"
manifest_digest = "ED5DEFBBF556EE89312E639A53F21DE24320F9B13C2087D3BFE2989D5B2B5DAF"
deps = { MoveStdlib = "MoveStdlib_1" }

[pinned.testnet.WAL]
source = { git = "https://github.com/MystenLabs/walrus.git", subdir = "testnet-contracts/wal", rev = "157184c332785bbb82653755fdd169931689f80e" }
use_environment = "testnet"
manifest_digest = "22605453B293891721DA0C3E8596A4D15609F58B98A46EACDD16CEC068BAAE87"
deps = { Sui = "Sui" }

[pinned.testnet.Walrus]
source = { git = "https://github.com/MystenLabs/walrus.git", subdir = "testnet-contracts/walrus", rev = "157184c332785bbb82653755fdd169931689f80e" }
use_environment = "testnet"
manifest_digest = "B8C664B06BC7B99ACEEB08688161E8ADF3C781673E3530340084FD196AEA7802"
deps = { Sui = "Sui", WAL = "WAL" }
