# Generated by move; do not edit
# This file should be checked in.

[move]
version = 4

[pinned.testnet.Counter]
source = { root = true }
use_environment = "testnet"
manifest_digest = "40C9826E929942A2C93996285288FE1530283EB5FAD9BBE38D9D5C39D8CF674B"
deps = { Sui = "Sui", seal = "seal" }

[pinned.testnet.MoveStdlib]
source = { git = "https://github.com/MystenLabs/sui.git", subdir = "crates/sui-framework/packages/move-stdlib", rev = "3b96ab72dd5db2fb800837d6067bf45839178b62" }
use_environment = "testnet"
manifest_digest = "774F1883683AAACD2512A2B6C01188350E10E5A035E065A8CF110CE44A564509"
deps = {}

[pinned.testnet.MoveStdlib_1]
source = { git = "https://github.com/MystenLabs/sui.git", subdir = "crates/sui-framework/packages/move-stdlib", rev = "6656ec8446e425115499bc23f245d2f2afc610f4" }
use_environment = "testnet"
manifest_digest = "774F1883683AAACD2512A2B6C01188350E10E5A035E065A8CF110CE44A564509"
deps = {}

[pinned.testnet.Sui]
source = { git = "https://github.com/MystenLabs/sui.git", subdir = "crates/sui-framework/packages/sui-framework", rev = "3b96ab72dd5db2fb800837d6067bf45839178b62" }
use_environment = "testnet"
manifest_digest = "ED5DEFBBF556EE89312E639A53F21DE24320F9B13C2087D3BFE2989D5B2B5DAF"
deps = { MoveStdlib = "MoveStdlib" }

[pinned.testnet.Sui_1]
source = { git = "https://github.com/MystenLabs/sui.git", subdir = "crates/sui-framework/packages/sui-framework", rev = "6656ec8446e425115499bc23f245d2f2afc610f4" }
use_environment = "testnet"
manifest_digest = "ED5DEFBBF556EE89312E639A53F21DE24320F9B13C2087D3BFE2989D5B2B5DAF"
deps = { MoveStdlib = "MoveStdlib_1" }

[pinned.testnet.seal]
source = { git = "https://github.com/MystenLabs/seal.git", subdir = "move/seal", rev = "fcd97e70af1795add0650f9cc2b8611880b2a2f4" }
use_environment = "testnet"
manifest_digest = "2E00245C5FCD8C8921BA41FD38C270139216225A6D032B167C18DE701096800E"
deps = { Sui = "Sui_1" }
